
Microsoft Visual Studio Solution File, Format Version 12.00
# Visual Studio Version 17
VisualStudioVersion = 17.7.34018.315
MinimumVisualStudioVersion = 10.0.40219.1
Project("{FAE04EC0-301F-11D3-BF4B-00C04F79EFBC}") = "TrafficVilationsDesktop", "TrafficVilationsDesktop\TrafficVilationsDesktop.csproj", "{A4F86586-B832-422B-B10B-D6A1C2F208C7}"
EndProject
Global
	GlobalSection(SolutionConfigurationPlatforms) = preSolution
		Debug|Any CPU = Debug|Any CPU
		Release|Any CPU = Release|Any CPU
	EndGlobalSection
	GlobalSection(ProjectConfigurationPlatforms) = postSolution
		{A4F86586-B832-422B-B10B-D6A1C2F208C7}.Debug|Any CPU.ActiveCfg = Debug|Any CPU
		{A4F86586-B832-422B-B10B-D6A1C2F208C7}.Debug|Any CPU.Build.0 = Debug|Any CPU
		{A4F86586-B832-422B-B10B-D6A1C2F208C7}.Release|Any CPU.ActiveCfg = Release|Any CPU
		{A4F86586-B832-422B-B10B-D6A1C2F208C7}.Release|Any CPU.Build.0 = Release|Any CPU
	EndGlobalSection
	GlobalSection(SolutionProperties) = preSolution
		HideSolutionNode = FALSE
	EndGlobalSection
	GlobalSection(ExtensibilityGlobals) = postSolution
		SolutionGuid = {93CFB4AA-6B12-41BC-86AE-6ACCA341AAC9}
	EndGlobalSection
EndGlobal
